
Microsoft Visual Studio Solution File, Format Version 12.00
# Visual Studio 15
VisualStudioVersion = 15.0.28307.1022
MinimumVisualStudioVersion = 10.0.40219.1
Project("{FAE04EC0-301F-11D3-BF4B-00C04F79EFBC}") = "HMSProject", "HMSProject\HMSProject.csproj", "{86DC6A46-61C6-4EE0-9E0E-FFB7F52BBB54}"
EndProject
Global
	GlobalSection(SolutionConfigurationPlatforms) = preSolution
		Debug|Any CPU = Debug|Any CPU
		Release|Any CPU = Release|Any CPU
	EndGlobalSection
	GlobalSection(ProjectConfigurationPlatforms) = postSolution
		{86DC6A46-61C6-4EE0-9E0E-FFB7F52BBB54}.Debug|Any CPU.ActiveCfg = Debug|Any CPU
		{86DC6A46-61C6-4EE0-9E0E-FFB7F52BBB54}.Debug|Any CPU.Build.0 = Debug|Any CPU
		{86DC6A46-61C6-4EE0-9E0E-FFB7F52BBB54}.Release|Any CPU.ActiveCfg = Release|Any CPU
		{86DC6A46-61C6-4EE0-9E0E-FFB7F52BBB54}.Release|Any CPU.Build.0 = Release|Any CPU
	EndGlobalSection
	GlobalSection(SolutionProperties) = preSolution
		HideSolutionNode = FALSE
	EndGlobalSection
	GlobalSection(ExtensibilityGlobals) = postSolution
		SolutionGuid = {4B63B317-E458-4630-90C6-070CC5525716}
	EndGlobalSection
EndGlobal
